Microsoft Visual Studio Solution File, Format Version 12.00
# Visual Studio Version 17
VisualStudioVersion = 17.5.2.0
MinimumVisualStudioVersion = 10.0.40219.1
Project("{FAE04EC0-301F-11D3-BF4B-00C04F79EFBC}") = "GPIMSWeb", "GPIMSWeb.csproj", "{D707B4E3-0DA3-32EF-DBAF-9AB562522DE7}"
EndProject
Global
	GlobalSection(SolutionConfigurationPlatforms) = preSolution
		Debug|Any CPU = Debug|Any CPU
		Release|Any CPU = Release|Any CPU
	EndGlobalSection
	GlobalSection(ProjectConfigurationPlatforms) = postSolution
		{D707B4E3-0DA3-32EF-DBAF-9AB562522DE7}.Debug|Any CPU.ActiveCfg = Debug|Any CPU
		{D707B4E3-0DA3-32EF-DBAF-9AB562522DE7}.Debug|Any CPU.Build.0 = Debug|Any CPU
		{D707B4E3-0DA3-32EF-DBAF-9AB562522DE7}.Release|Any CPU.ActiveCfg = Release|Any CPU
		{D707B4E3-0DA3-32EF-DBAF-9AB562522DE7}.Release|Any CPU.Build.0 = Release|Any CPU
	EndGlobalSection
	GlobalSection(SolutionProperties) = preSolution
		HideSolutionNode = FALSE
	EndGlobalSection
	GlobalSection(ExtensibilityGlobals) = postSolution
		SolutionGuid = {2D675CAE-E250-4E79-B354-6E2F2B779F74}
	EndGlobalSection
EndGlobal
